
Microsoft Visual Studio Solution File, Format Version 12.00
# Visual Studio Version 16
VisualStudioVersion = 16.0.29509.3
MinimumVisualStudioVersion = 10.0.40219.1
Project("{FAE04EC0-301F-11D3-BF4B-00C04F79EFBC}") = "DesignPatternsConsole", "DesignPatternsConsole\DesignPatternsConsole.csproj", "{D9DDA2FC-88D5-4723-9371-48BA2E1ACE9F}"
EndProject
Project("{FAE04EC0-301F-11D3-BF4B-00C04F79EFBC}") = "Flyweight", "Flyweight\Flyweight.csproj", "{7DE89901-DF15-4826-9D71-3C57DBA9040A}"
EndProject
Global
	GlobalSection(SolutionConfigurationPlatforms) = preSolution
		Debug|Any CPU = Debug|Any CPU
		Release|Any CPU = Release|Any CPU
	EndGlobalSection
	GlobalSection(ProjectConfigurationPlatforms) = postSolution
		{D9DDA2FC-88D5-4723-9371-48BA2E1ACE9F}.Debug|Any CPU.ActiveCfg = Debug|Any CPU
		{D9DDA2FC-88D5-4723-9371-48BA2E1ACE9F}.Debug|Any CPU.Build.0 = Debug|Any CPU
		{D9DDA2FC-88D5-4723-9371-48BA2E1ACE9F}.Release|Any CPU.ActiveCfg = Release|Any CPU
		{D9DDA2FC-88D5-4723-9371-48BA2E1ACE9F}.Release|Any CPU.Build.0 = Release|Any CPU
		{7DE89901-DF15-4826-9D71-3C57DBA9040A}.Debug|Any CPU.ActiveCfg = Debug|Any CPU
		{7DE89901-DF15-4826-9D71-3C57DBA9040A}.Debug|Any CPU.Build.0 = Debug|Any CPU
		{7DE89901-DF15-4826-9D71-3C57DBA9040A}.Release|Any CPU.ActiveCfg = Release|Any CPU
		{7DE89901-DF15-4826-9D71-3C57DBA9040A}.Release|Any CPU.Build.0 = Release|Any CPU
	EndGlobalSection
	GlobalSection(SolutionProperties) = preSolution
		HideSolutionNode = FALSE
	EndGlobalSection
	GlobalSection(ExtensibilityGlobals) = postSolution
		SolutionGuid = {2959DAA4-D364-4A95-96C1-F5A5211242BE}
	EndGlobalSection
EndGlobal
